
Microsoft Visual Studio Solution File, Format Version 12.00
# Visual Studio Version 16
VisualStudioVersion = 16.0.28729.10
MinimumVisualStudioVersion = 10.0.40219.1
Project("{FAE04EC0-301F-11D3-BF4B-00C04F79EFBC}") = "Reyuko.App", "Reyuko.App\Reyuko.App.csproj", "{F7D069C6-C2B2-458A-9107-14100F8D631A}"
	ProjectSection(ProjectDependencies) = postProject
		{464AEF62-BB68-4CD9-ABED-AB4AB67C3AA5} = {464AEF62-BB68-4CD9-ABED-AB4AB67C3AA5}
		{1F0C2E91-2CD1-457B-B7C4-9D0DF6F9A86B} = {1F0C2E91-2CD1-457B-B7C4-9D0DF6F9A86B}
		{FAACAF94-7826-4282-B1D7-632951C5D71C} = {FAACAF94-7826-4282-B1D7-632951C5D71C}
	EndProjectSection
EndProject
Project("{FAE04EC0-301F-11D3-BF4B-00C04F79EFBC}") = "Reyuko.DAL", "Reyuko.DAL\Reyuko.DAL.csproj", "{FAACAF94-7826-4282-B1D7-632951C5D71C}"
EndProject
Project("{FAE04EC0-301F-11D3-BF4B-00C04F79EFBC}") = "Reyuko.BLL", "Reyuko.BLL\Reyuko.BLL.csproj", "{464AEF62-BB68-4CD9-ABED-AB4AB67C3AA5}"
	ProjectSection(ProjectDependencies) = postProject
		{1F0C2E91-2CD1-457B-B7C4-9D0DF6F9A86B} = {1F0C2E91-2CD1-457B-B7C4-9D0DF6F9A86B}
		{FAACAF94-7826-4282-B1D7-632951C5D71C} = {FAACAF94-7826-4282-B1D7-632951C5D71C}
	EndProjectSection
EndProject
Project("{FAE04EC0-301F-11D3-BF4B-00C04F79EFBC}") = "Reyuko.Utils", "Reyuko.Utils\Reyuko.Utils.csproj", "{1F0C2E91-2CD1-457B-B7C4-9D0DF6F9A86B}"
EndProject
Project("{FAE04EC0-301F-11D3-BF4B-00C04F79EFBC}") = "RichTextBoxToolBar", "RichTextBoxToolBar\RichTextBoxToolBar.csproj", "{356B108D-E06B-4F21-9422-E89CF740E61F}"
EndProject
Global
	GlobalSection(SolutionConfigurationPlatforms) = preSolution
		Debug|Any CPU = Debug|Any CPU
		Release|Any CPU = Release|Any CPU
	EndGlobalSection
	GlobalSection(ProjectConfigurationPlatforms) = postSolution
		{F7D069C6-C2B2-458A-9107-14100F8D631A}.Debug|Any CPU.ActiveCfg = Debug|Any CPU
		{F7D069C6-C2B2-458A-9107-14100F8D631A}.Debug|Any CPU.Build.0 = Debug|Any CPU
		{F7D069C6-C2B2-458A-9107-14100F8D631A}.Release|Any CPU.ActiveCfg = Release|Any CPU
		{F7D069C6-C2B2-458A-9107-14100F8D631A}.Release|Any CPU.Build.0 = Release|Any CPU
		{FAACAF94-7826-4282-B1D7-632951C5D71C}.Debug|Any CPU.ActiveCfg = Debug|Any CPU
		{FAACAF94-7826-4282-B1D7-632951C5D71C}.Debug|Any CPU.Build.0 = Debug|Any CPU
		{FAACAF94-7826-4282-B1D7-632951C5D71C}.Release|Any CPU.ActiveCfg = Release|Any CPU
		{FAACAF94-7826-4282-B1D7-632951C5D71C}.Release|Any CPU.Build.0 = Release|Any CPU
		{464AEF62-BB68-4CD9-ABED-AB4AB67C3AA5}.Debug|Any CPU.ActiveCfg = Debug|Any CPU
		{464AEF62-BB68-4CD9-ABED-AB4AB67C3AA5}.Debug|Any CPU.Build.0 = Debug|Any CPU
		{464AEF62-BB68-4CD9-ABED-AB4AB67C3AA5}.Release|Any CPU.ActiveCfg = Release|Any CPU
		{464AEF62-BB68-4CD9-ABED-AB4AB67C3AA5}.Release|Any CPU.Build.0 = Release|Any CPU
		{1F0C2E91-2CD1-457B-B7C4-9D0DF6F9A86B}.Debug|Any CPU.ActiveCfg = Debug|Any CPU
		{1F0C2E91-2CD1-457B-B7C4-9D0DF6F9A86B}.Debug|Any CPU.Build.0 = Debug|Any CPU
		{1F0C2E91-2CD1-457B-B7C4-9D0DF6F9A86B}.Release|Any CPU.ActiveCfg = Release|Any CPU
		{1F0C2E91-2CD1-457B-B7C4-9D0DF6F9A86B}.Release|Any CPU.Build.0 = Release|Any CPU
		{356B108D-E06B-4F21-9422-E89CF740E61F}.Debug|Any CPU.ActiveCfg = Debug|Any CPU
		{356B108D-E06B-4F21-9422-E89CF740E61F}.Debug|Any CPU.Build.0 = Debug|Any CPU
		{356B108D-E06B-4F21-9422-E89CF740E61F}.Release|Any CPU.ActiveCfg = Release|Any CPU
		{356B108D-E06B-4F21-9422-E89CF740E61F}.Release|Any CPU.Build.0 = Release|Any CPU
	EndGlobalSection
	GlobalSection(SolutionProperties) = preSolution
		HideSolutionNode = FALSE
	EndGlobalSection
	GlobalSection(ExtensibilityGlobals) = postSolution
		SolutionGuid = {74060AAE-C20A-482A-9A68-36CF90809326}
	EndGlobalSection
EndGlobal
